
Microsoft Visual Studio Solution File, Format Version 12.00
# Visual Studio Version 16
VisualStudioVersion = 16.0.30523.141
MinimumVisualStudioVersion = 10.0.40219.1
Project("{FAE04EC0-301F-11D3-BF4B-00C04F79EFBC}") = "TestApp", "TestApp\TestApp.csproj", "{E6EBA65F-BC91-49B2-A206-29C3FC5B70F6}"
EndProject
Global
	GlobalSection(SolutionConfigurationPlatforms) = preSolution
		Debug|Any CPU = Debug|Any CPU
		Release|Any CPU = Release|Any CPU
	EndGlobalSection
	GlobalSection(ProjectConfigurationPlatforms) = postSolution
		{E6EBA65F-BC91-49B2-A206-29C3FC5B70F6}.Debug|Any CPU.ActiveCfg = Debug|Any CPU
		{E6EBA65F-BC91-49B2-A206-29C3FC5B70F6}.Debug|Any CPU.Build.0 = Debug|Any CPU
		{E6EBA65F-BC91-49B2-A206-29C3FC5B70F6}.Release|Any CPU.ActiveCfg = Release|Any CPU
		{E6EBA65F-BC91-49B2-A206-29C3FC5B70F6}.Release|Any CPU.Build.0 = Release|Any CPU
	EndGlobalSection
	GlobalSection(SolutionProperties) = preSolution
		HideSolutionNode = FALSE
	EndGlobalSection
	GlobalSection(ExtensibilityGlobals) = postSolution
		SolutionGuid = {34C0451D-D7C3-4B32-AD78-7EAE9AE96729}
	EndGlobalSection
EndGlobal
